
Microsoft Visual Studio Solution File, Format Version 12.00
# Visual Studio Version 16
VisualStudioVersion = 16.0.30011.22
MinimumVisualStudioVersion = 10.0.40219.1
Project("{FAE04EC0-301F-11D3-BF4B-00C04F79EFBC}") = "figuryGeometryczne", "figuryGeometryczne.csproj", "{6F046B5D-6E51-4A76-B625-03F6A8E7637E}"
EndProject
Global
	GlobalSection(SolutionConfigurationPlatforms) = preSolution
		Debug|Any CPU = Debug|Any CPU
		Release|Any CPU = Release|Any CPU
	EndGlobalSection
	GlobalSection(ProjectConfigurationPlatforms) = postSolution
		{6F046B5D-6E51-4A76-B625-03F6A8E7637E}.Debug|Any CPU.ActiveCfg = Debug|Any CPU
		{6F046B5D-6E51-4A76-B625-03F6A8E7637E}.Debug|Any CPU.Build.0 = Debug|Any CPU
		{6F046B5D-6E51-4A76-B625-03F6A8E7637E}.Release|Any CPU.ActiveCfg = Release|Any CPU
		{6F046B5D-6E51-4A76-B625-03F6A8E7637E}.Release|Any CPU.Build.0 = Release|Any CPU
	EndGlobalSection
	GlobalSection(SolutionProperties) = preSolution
		HideSolutionNode = FALSE
	EndGlobalSection
	GlobalSection(ExtensibilityGlobals) = postSolution
		SolutionGuid = {0694279E-C02B-4A91-AD52-37BE8A556D29}
	EndGlobalSection
EndGlobal
